
Microsoft Visual Studio Solution File, Format Version 12.00
# Visual Studio Version 17
VisualStudioVersion = 17.10.35004.147
MinimumVisualStudioVersion = 10.0.40219.1
Project("{FAE04EC0-301F-11D3-BF4B-00C04F79EFBC}") = "Talabat.API", "Talabat.API.csproj", "{E8A500BB-1BE7-41E1-B2DF-88E62318CFF6}"
EndProject
Project("{FAE04EC0-301F-11D3-BF4B-00C04F79EFBC}") = "Talabat.Core", "..\Talabat.Core\Talabat.Core.csproj", "{DC0C011E-3A37-48F1-8410-2DB210DD33A5}"
EndProject
Project("{FAE04EC0-301F-11D3-BF4B-00C04F79EFBC}") = "Talabat.Repository", "..\Talabat.Repository\Talabat.Repository.csproj", "{26FDCAEF-AB89-4E22-864E-9DE8A62D53ED}"
EndProject
Project("{FAE04EC0-301F-11D3-BF4B-00C04F79EFBC}") = "Talabat.Service", "..\Talabat.Service\Talabat.Service.csproj", "{BEE8684B-55D1-457B-85CF-46F236ED71BF}"
EndProject
Global
	GlobalSection(SolutionConfigurationPlatforms) = preSolution
		Debug|Any CPU = Debug|Any CPU
		Release|Any CPU = Release|Any CPU
	EndGlobalSection
	GlobalSection(ProjectConfigurationPlatforms) = postSolution
		{E8A500BB-1BE7-41E1-B2DF-88E62318CFF6}.Debug|Any CPU.ActiveCfg = Debug|Any CPU
		{E8A500BB-1BE7-41E1-B2DF-88E62318CFF6}.Debug|Any CPU.Build.0 = Debug|Any CPU
		{E8A500BB-1BE7-41E1-B2DF-88E62318CFF6}.Release|Any CPU.ActiveCfg = Release|Any CPU
		{E8A500BB-1BE7-41E1-B2DF-88E62318CFF6}.Release|Any CPU.Build.0 = Release|Any CPU
		{DC0C011E-3A37-48F1-8410-2DB210DD33A5}.Debug|Any CPU.ActiveCfg = Debug|Any CPU
		{DC0C011E-3A37-48F1-8410-2DB210DD33A5}.Debug|Any CPU.Build.0 = Debug|Any CPU
		{DC0C011E-3A37-48F1-8410-2DB210DD33A5}.Release|Any CPU.ActiveCfg = Release|Any CPU
		{DC0C011E-3A37-48F1-8410-2DB210DD33A5}.Release|Any CPU.Build.0 = Release|Any CPU
		{26FDCAEF-AB89-4E22-864E-9DE8A62D53ED}.Debug|Any CPU.ActiveCfg = Debug|Any CPU
		{26FDCAEF-AB89-4E22-864E-9DE8A62D53ED}.Debug|Any CPU.Build.0 = Debug|Any CPU
		{26FDCAEF-AB89-4E22-864E-9DE8A62D53ED}.Release|Any CPU.ActiveCfg = Release|Any CPU
		{26FDCAEF-AB89-4E22-864E-9DE8A62D53ED}.Release|Any CPU.Build.0 = Release|Any CPU
		{BEE8684B-55D1-457B-85CF-46F236ED71BF}.Debug|Any CPU.ActiveCfg = Debug|Any CPU
		{BEE8684B-55D1-457B-85CF-46F236ED71BF}.Debug|Any CPU.Build.0 = Debug|Any CPU
		{BEE8684B-55D1-457B-85CF-46F236ED71BF}.Release|Any CPU.ActiveCfg = Release|Any CPU
		{BEE8684B-55D1-457B-85CF-46F236ED71BF}.Release|Any CPU.Build.0 = Release|Any CPU
	EndGlobalSection
	GlobalSection(SolutionProperties) = preSolution
		HideSolutionNode = FALSE
	EndGlobalSection
	GlobalSection(ExtensibilityGlobals) = postSolution
		SolutionGuid = {5BAF243F-1E60-4563-A90E-889C9FFAAC57}
	EndGlobalSection
EndGlobal
